
Microsoft Visual Studio Solution File, Format Version 12.00
# Visual Studio 15
VisualStudioVersion = 15.0.28307.421
MinimumVisualStudioVersion = 10.0.40219.1
Project("{9A19103F-16F7-4668-BE54-9A1E7A4F7556}") = "LFSFTApi", "LFSFTApi\LFSFTApi.csproj", "{1AAD7770-4B2B-4F30-9AB2-AA74507E6630}"
EndProject
Project("{FAE04EC0-301F-11D3-BF4B-00C04F79EFBC}") = "LFSFTMvcApp", "LFSFTMvcApp\LFSFTMvcApp.csproj", "{D4680278-F055-4078-87A6-F5D0CE064EEF}"
EndProject
Project("{2150E333-8FDC-42A3-9474-1A3956D46DE8}") = "Solution Items", "Solution Items", "{11BF2D52-D686-494A-9D37-24A50E442A97}"
	ProjectSection(SolutionItems) = preProject
		readme.md = readme.md
	EndProjectSection
EndProject
Project("{FAE04EC0-301F-11D3-BF4B-00C04F79EFBC}") = "LFSFTConsoleClientApp", "LFSFTConsoleClientApp\LFSFTConsoleClientApp.csproj", "{35678DA3-C86B-4E94-9692-2477AF4359DA}"
EndProject
Global
	GlobalSection(SolutionConfigurationPlatforms) = preSolution
		Debug|Any CPU = Debug|Any CPU
		Release|Any CPU = Release|Any CPU
	EndGlobalSection
	GlobalSection(ProjectConfigurationPlatforms) = postSolution
		{1AAD7770-4B2B-4F30-9AB2-AA74507E6630}.Debug|Any CPU.ActiveCfg = Debug|Any CPU
		{1AAD7770-4B2B-4F30-9AB2-AA74507E6630}.Debug|Any CPU.Build.0 = Debug|Any CPU
		{1AAD7770-4B2B-4F30-9AB2-AA74507E6630}.Release|Any CPU.ActiveCfg = Release|Any CPU
		{1AAD7770-4B2B-4F30-9AB2-AA74507E6630}.Release|Any CPU.Build.0 = Release|Any CPU
		{D4680278-F055-4078-87A6-F5D0CE064EEF}.Debug|Any CPU.ActiveCfg = Debug|Any CPU
		{D4680278-F055-4078-87A6-F5D0CE064EEF}.Debug|Any CPU.Build.0 = Debug|Any CPU
		{D4680278-F055-4078-87A6-F5D0CE064EEF}.Release|Any CPU.ActiveCfg = Release|Any CPU
		{D4680278-F055-4078-87A6-F5D0CE064EEF}.Release|Any CPU.Build.0 = Release|Any CPU
		{35678DA3-C86B-4E94-9692-2477AF4359DA}.Debug|Any CPU.ActiveCfg = Debug|Any CPU
		{35678DA3-C86B-4E94-9692-2477AF4359DA}.Debug|Any CPU.Build.0 = Debug|Any CPU
		{35678DA3-C86B-4E94-9692-2477AF4359DA}.Release|Any CPU.ActiveCfg = Release|Any CPU
		{35678DA3-C86B-4E94-9692-2477AF4359DA}.Release|Any CPU.Build.0 = Release|Any CPU
	EndGlobalSection
	GlobalSection(SolutionProperties) = preSolution
		HideSolutionNode = FALSE
	EndGlobalSection
	GlobalSection(ExtensibilityGlobals) = postSolution
		SolutionGuid = {B45EC41C-1095-4D1C-80C7-4EAEBEC81E6A}
	EndGlobalSection
EndGlobal
