
Microsoft Visual Studio Solution File, Format Version 12.00
# Visual Studio 15
VisualStudioVersion = 15.0.28307.421
MinimumVisualStudioVersion = 10.0.40219.1
Project("{FAE04EC0-301F-11D3-BF4B-00C04F79EFBC}") = "PhotoLibraryWeb", "PhotoLibraryWeb\PhotoLibraryWeb.csproj", "{069CCDE4-F25E-4F70-83AC-0D48E8ACA6BC}"
EndProject
Global
	GlobalSection(SolutionConfigurationPlatforms) = preSolution
		Debug|Any CPU = Debug|Any CPU
		Release|Any CPU = Release|Any CPU
	EndGlobalSection
	GlobalSection(ProjectConfigurationPlatforms) = postSolution
		{069CCDE4-F25E-4F70-83AC-0D48E8ACA6BC}.Debug|Any CPU.ActiveCfg = Debug|Any CPU
		{069CCDE4-F25E-4F70-83AC-0D48E8ACA6BC}.Debug|Any CPU.Build.0 = Debug|Any CPU
		{069CCDE4-F25E-4F70-83AC-0D48E8ACA6BC}.Release|Any CPU.ActiveCfg = Release|Any CPU
		{069CCDE4-F25E-4F70-83AC-0D48E8ACA6BC}.Release|Any CPU.Build.0 = Release|Any CPU
	EndGlobalSection
	GlobalSection(SolutionProperties) = preSolution
		HideSolutionNode = FALSE
	EndGlobalSection
	GlobalSection(ExtensibilityGlobals) = postSolution
		SolutionGuid = {C62F640A-FF58-4E90-B922-B3A20ABE6F50}
	EndGlobalSection
EndGlobal
